
Microsoft Visual Studio Solution File, Format Version 12.00
# Visual Studio Version 17
VisualStudioVersion = 17.1.32210.238
MinimumVisualStudioVersion = 10.0.40219.1
Project("{9A19103F-16F7-4668-BE54-9A1E7A4F7556}") = "TourPlanner", "TourPlanner\TourPlanner.csproj", "{B3997D7E-92D0-4974-B79D-D5AC38557C7D}"
EndProject
Project("{9A19103F-16F7-4668-BE54-9A1E7A4F7556}") = "TourPlanner.Models", "TourPlanner.Models\TourPlanner.Models.csproj", "{41913787-C9F0-4212-9C14-B0F4114B87B8}"
EndProject
Project("{9A19103F-16F7-4668-BE54-9A1E7A4F7556}") = "TourPlanner.BusinessLayer", "TourPlanner.BusinessLayer\TourPlanner.BusinessLayer.csproj", "{5D2C311B-6482-48A7-9BEF-94F679E538B1}"
EndProject
Project("{9A19103F-16F7-4668-BE54-9A1E7A4F7556}") = "TourPlanner.DataAccessLayer", "TourPlanner.DataAccessLayer\TourPlanner.DataAccessLayer.csproj", "{DA511F7B-3E16-4FDE-9F50-48AB9C1DCEA7}"
EndProject
Project("{9A19103F-16F7-4668-BE54-9A1E7A4F7556}") = "TourPlannerTests", "TourPlannerTests\TourPlannerTests.csproj", "{09A14063-4004-4427-B95E-99BCF643588C}"
EndProject
Project("{FAE04EC0-301F-11D3-BF4B-00C04F79EFBC}") = "TourPlanner.Logging", "TourPlanner.Logging\TourPlanner.Logging.csproj", "{D291CA05-D2D4-4E5A-BB72-8118439D11ED}"
EndProject
Global
	GlobalSection(SolutionConfigurationPlatforms) = preSolution
		Debug|Any CPU = Debug|Any CPU
		Release|Any CPU = Release|Any CPU
	EndGlobalSection
	GlobalSection(ProjectConfigurationPlatforms) = postSolution
		{B3997D7E-92D0-4974-B79D-D5AC38557C7D}.Debug|Any CPU.ActiveCfg = Debug|Any CPU
		{B3997D7E-92D0-4974-B79D-D5AC38557C7D}.Debug|Any CPU.Build.0 = Debug|Any CPU
		{B3997D7E-92D0-4974-B79D-D5AC38557C7D}.Release|Any CPU.ActiveCfg = Release|Any CPU
		{B3997D7E-92D0-4974-B79D-D5AC38557C7D}.Release|Any CPU.Build.0 = Release|Any CPU
		{41913787-C9F0-4212-9C14-B0F4114B87B8}.Debug|Any CPU.ActiveCfg = Debug|Any CPU
		{41913787-C9F0-4212-9C14-B0F4114B87B8}.Debug|Any CPU.Build.0 = Debug|Any CPU
		{41913787-C9F0-4212-9C14-B0F4114B87B8}.Release|Any CPU.ActiveCfg = Release|Any CPU
		{41913787-C9F0-4212-9C14-B0F4114B87B8}.Release|Any CPU.Build.0 = Release|Any CPU
		{5D2C311B-6482-48A7-9BEF-94F679E538B1}.Debug|Any CPU.ActiveCfg = Debug|Any CPU
		{5D2C311B-6482-48A7-9BEF-94F679E538B1}.Debug|Any CPU.Build.0 = Debug|Any CPU
		{5D2C311B-6482-48A7-9BEF-94F679E538B1}.Release|Any CPU.ActiveCfg = Release|Any CPU
		{5D2C311B-6482-48A7-9BEF-94F679E538B1}.Release|Any CPU.Build.0 = Release|Any CPU
		{DA511F7B-3E16-4FDE-9F50-48AB9C1DCEA7}.Debug|Any CPU.ActiveCfg = Debug|Any CPU
		{DA511F7B-3E16-4FDE-9F50-48AB9C1DCEA7}.Debug|Any CPU.Build.0 = Debug|Any CPU
		{DA511F7B-3E16-4FDE-9F50-48AB9C1DCEA7}.Release|Any CPU.ActiveCfg = Release|Any CPU
		{DA511F7B-3E16-4FDE-9F50-48AB9C1DCEA7}.Release|Any CPU.Build.0 = Release|Any CPU
		{09A14063-4004-4427-B95E-99BCF643588C}.Debug|Any CPU.ActiveCfg = Debug|Any CPU
		{09A14063-4004-4427-B95E-99BCF643588C}.Debug|Any CPU.Build.0 = Debug|Any CPU
		{09A14063-4004-4427-B95E-99BCF643588C}.Release|Any CPU.ActiveCfg = Release|Any CPU
		{09A14063-4004-4427-B95E-99BCF643588C}.Release|Any CPU.Build.0 = Release|Any CPU
		{D291CA05-D2D4-4E5A-BB72-8118439D11ED}.Debug|Any CPU.ActiveCfg = Debug|Any CPU
		{D291CA05-D2D4-4E5A-BB72-8118439D11ED}.Debug|Any CPU.Build.0 = Debug|Any CPU
		{D291CA05-D2D4-4E5A-BB72-8118439D11ED}.Release|Any CPU.ActiveCfg = Release|Any CPU
		{D291CA05-D2D4-4E5A-BB72-8118439D11ED}.Release|Any CPU.Build.0 = Release|Any CPU
	EndGlobalSection
	GlobalSection(SolutionProperties) = preSolution
		HideSolutionNode = FALSE
	EndGlobalSection
	GlobalSection(ExtensibilityGlobals) = postSolution
		SolutionGuid = {301465D2-B015-44A3-9CC7-C87499577869}
	EndGlobalSection
EndGlobal
